// !$*UTF8*$!
{
	archiveVersion = 1;
	classes = {
	};
	objectVersion = 46;
	objects = {

/* Begin PBXBuildFile section */
		682507EE1BE83DCA0080EFC7 /* Interface.storyboard in Resources */ = {isa = PBXBuildFile; fileRef = 682507EC1BE83DCA0080EFC7 /* Interface.storyboard */; };
		682507F01BE83DCA0080EFC7 /* Assets.xcassets in Resources */ = {isa = PBXBuildFile; fileRef = 682507EF1BE83DCA0080EFC7 /* Assets.xcassets */; };
		682507F71BE83DCA0080EFC7 /* Watch Extension.appex in Embed App Extensions */ = {isa = PBXBuildFile; fileRef = 682507F61BE83DCA0080EFC7 /* Watch Extension.appex */; settings = {ATTRIBUTES = (RemoveHeadersOnCopy, ); }; };
		682507FE1BE83DCA0080EFC7 /* NoteListInterfaceController.swift in Sources */ = {isa = PBXBuildFile; fileRef = 682507FD1BE83DCA0080EFC7 /* NoteListInterfaceController.swift */; };
		682508001BE83DCA0080EFC7 /* ExtensionDelegate.swift in Sources */ = {isa = PBXBuildFile; fileRef = 682507FF1BE83DCA0080EFC7 /* ExtensionDelegate.swift */; };
		682508041BE83DCA0080EFC7 /* GlanceController.swift in Sources */ = {isa = PBXBuildFile; fileRef = 682508031BE83DCA0080EFC7 /* GlanceController.swift */; };
		682508081BE83DCA0080EFC7 /* Assets.xcassets in Resources */ = {isa = PBXBuildFile; fileRef = 682508071BE83DCA0080EFC7 /* Assets.xcassets */; };
		6825080C1BE83DCA0080EFC7 /* Watch.app in Embed Watch Content */ = {isa = PBXBuildFile; fileRef = 682507EA1BE83DCA0080EFC7 /* Watch.app */; };
		682508161BE841B10080EFC7 /* NoteInterfaceController.swift in Sources */ = {isa = PBXBuildFile; fileRef = 682508151BE841B10080EFC7 /* NoteInterfaceController.swift */; };
		682508171BE848B60080EFC7 /* DocumentCommon.swift in Sources */ = {isa = PBXBuildFile; fileRef = 685196131B8D622100548D79 /* DocumentCommon.swift */; };
		6848C6331B8FD9D3000B3B00 /* AudioAttachmentViewController.swift in Sources */ = {isa = PBXBuildFile; fileRef = 6848C6321B8FD9D2000B3B00 /* AudioAttachmentViewController.swift */; };
		685195E41B8D60A200548D79 /* AppDelegate.swift in Sources */ = {isa = PBXBuildFile; fileRef = 685195E31B8D60A200548D79 /* AppDelegate.swift */; };
		685195E61B8D60A200548D79 /* DocumentListViewController.swift in Sources */ = {isa = PBXBuildFile; fileRef = 685195E51B8D60A200548D79 /* DocumentListViewController.swift */; };
		685195EB1B8D60A200548D79 /* Main.storyboard in Resources */ = {isa = PBXBuildFile; fileRef = 685195E91B8D60A200548D79 /* Main.storyboard */; };
		685195ED1B8D60A200548D79 /* Assets.xcassets in Resources */ = {isa = PBXBuildFile; fileRef = 685195EC1B8D60A200548D79 /* Assets.xcassets */; };
		685195F01B8D60A200548D79 /* LaunchScreen.storyboard in Resources */ = {isa = PBXBuildFile; fileRef = 685195EE1B8D60A200548D79 /* LaunchScreen.storyboard */; };
		685195FB1B8D60A200548D79 /* Notes_iOSTests.swift in Sources */ = {isa = PBXBuildFile; fileRef = 685195FA1B8D60A200548D79 /* Notes_iOSTests.swift */; };
		685196061B8D60A200548D79 /* Notes_iOSUITests.swift in Sources */ = {isa = PBXBuildFile; fileRef = 685196051B8D60A200548D79 /* Notes_iOSUITests.swift */; };
		685196141B8D622100548D79 /* DocumentCommon.swift in Sources */ = {isa = PBXBuildFile; fileRef = 685196131B8D622100548D79 /* DocumentCommon.swift */; };
		685196151B8D622A00548D79 /* DocumentCommon.swift in Sources */ = {isa = PBXBuildFile; fileRef = 685196131B8D622100548D79 /* DocumentCommon.swift */; };
		685196171B8D653600548D79 /* Document.swift in Sources */ = {isa = PBXBuildFile; fileRef = 685196161B8D653600548D79 /* Document.swift */; };
		685196191B8D7F5B00548D79 /* DocumentViewController.swift in Sources */ = {isa = PBXBuildFile; fileRef = 685196181B8D7F5B00548D79 /* DocumentViewController.swift */; };
		685C49FD1B8AC9C000D34F19 /* AppDelegate.swift in Sources */ = {isa = PBXBuildFile; fileRef = 685C49FC1B8AC9C000D34F19 /* AppDelegate.swift */; };
		685C49FF1B8AC9C000D34F19 /* Document.swift in Sources */ = {isa = PBXBuildFile; fileRef = 685C49FE1B8AC9C000D34F19 /* Document.swift */; };
		685C4A021B8AC9C000D34F19 /* Document.xib in Resources */ = {isa = PBXBuildFile; fileRef = 685C4A001B8AC9C000D34F19 /* Document.xib */; };
		685C4A041B8AC9C000D34F19 /* Assets.xcassets in Resources */ = {isa = PBXBuildFile; fileRef = 685C4A031B8AC9C000D34F19 /* Assets.xcassets */; };
		685C4A071B8AC9C000D34F19 /* MainMenu.xib in Resources */ = {isa = PBXBuildFile; fileRef = 685C4A051B8AC9C000D34F19 /* MainMenu.xib */; };
		685C4A121B8AC9C000D34F19 /* NotesTests.swift in Sources */ = {isa = PBXBuildFile; fileRef = 685C4A111B8AC9C000D34F19 /* NotesTests.swift */; };
		685C4A1D1B8AC9C000D34F19 /* NotesUITests.swift in Sources */ = {isa = PBXBuildFile; fileRef = 685C4A1C1B8AC9C000D34F19 /* NotesUITests.swift */; };
		685C4A2C1B8C15EB00D34F19 /* AddAttachmentViewController.swift in Sources */ = {isa = PBXBuildFile; fileRef = 685C4A2A1B8C15EB00D34F19 /* AddAttachmentViewController.swift */; };
		685C4A2D1B8C15EB00D34F19 /* AddAttachmentViewController.xib in Resources */ = {isa = PBXBuildFile; fileRef = 685C4A2B1B8C15EB00D34F19 /* AddAttachmentViewController.xib */; };
		686047FD1B97DDD500575481 /* NotificationCenter.framework in Frameworks */ = {isa = PBXBuildFile; fileRef = 686047FC1B97DDD500575481 /* NotificationCenter.framework */; };
		686048001B97DDD500575481 /* TodayViewController.swift in Sources */ = {isa = PBXBuildFile; fileRef = 686047FF1B97DDD500575481 /* TodayViewController.swift */; };
		686048031B97DDD500575481 /* MainInterface.storyboard in Resources */ = {isa = PBXBuildFile; fileRef = 686048011B97DDD500575481 /* MainInterface.storyboard */; };
		686048071B97DDD500575481 /* Notes-TodayScreen.appex in Embed App Extensions */ = {isa = PBXBuildFile; fileRef = 686047FA1B97DDD500575481 /* Notes-TodayScreen.appex */; settings = {ATTRIBUTES = (RemoveHeadersOnCopy, ); }; };
		687A6FA51BCB4442001E1564 /* IndexRequestHandler.swift in Sources */ = {isa = PBXBuildFile; fileRef = 687A6FA41BCB4442001E1564 /* IndexRequestHandler.swift */; };
		687A6FA91BCB4442001E1564 /* Notes-SpotlightIndexer.appex in Embed App Extensions */ = {isa = PBXBuildFile; fileRef = 687A6FA21BCB4442001E1564 /* Notes-SpotlightIndexer.appex */; settings = {ATTRIBUTES = (RemoveHeadersOnCopy, ); }; };
		687A6FAE1BCB4759001E1564 /* DocumentCommon.swift in Sources */ = {isa = PBXBuildFile; fileRef = 685196131B8D622100548D79 /* DocumentCommon.swift */; };
		6889C1BB1BBB91BB0066454F /* Settings.bundle in Resources */ = {isa = PBXBuildFile; fileRef = 6889C1BA1BBB91BB0066454F /* Settings.bundle */; };
		6889C1BD1BBBD1840066454F /* NotificationAttachmentViewController.swift in Sources */ = {isa = PBXBuildFile; fileRef = 6889C1BC1BBBD1840066454F /* NotificationAttachmentViewController.swift */; };
		68D6178E1B8ED82A0049C16A /* ImageAttachmentViewController.swift in Sources */ = {isa = PBXBuildFile; fileRef = 68D6178D1B8ED82A0049C16A /* ImageAttachmentViewController.swift */; };
		68D617901B8F263B0049C16A /* LocationAttachmentViewController.swift in Sources */ = {isa = PBXBuildFile; fileRef = 68D6178F1B8F263B0049C16A /* LocationAttachmentViewController.swift */; };
/* End PBXBuildFile section */

/* Begin PBXContainerItemProxy section */
		682507F81BE83DCA0080EFC7 /* PBXContainerItemProxy */ = {
			isa = PBXContainerItemProxy;
			containerPortal = 685C49F11B8AC9C000D34F19 /* Project object */;
			proxyType = 1;
			remoteGlobalIDString = 682507F51BE83DCA0080EFC7;
			remoteInfo = "Watch Extension";
		};
		6825080A1BE83DCA0080EFC7 /* PBXContainerItemProxy */ = {
			isa = PBXContainerItemProxy;
			containerPortal = 685C49F11B8AC9C000D34F19 /* Project object */;
			proxyType = 1;
			remoteGlobalIDString = 682507E91BE83DCA0080EFC7;
			remoteInfo = Watch;
		};
		685195F71B8D60A200548D79 /* PBXContainerItemProxy */ = {
			isa = PBXContainerItemProxy;
			containerPortal = 685C49F11B8AC9C000D34F19 /* Project object */;
			proxyType = 1;
			remoteGlobalIDString = 685195E01B8D60A200548D79;
			remoteInfo = "Notes-iOS";
		};
		685196021B8D60A200548D79 /* PBXContainerItemProxy */ = {
			isa = PBXContainerItemProxy;
			containerPortal = 685C49F11B8AC9C000D34F19 /* Project object */;
			proxyType = 1;
			remoteGlobalIDString = 685195E01B8D60A200548D79;
			remoteInfo = "Notes-iOS";
		};
		685C4A0E1B8AC9C000D34F19 /* PBXContainerItemProxy */ = {
			isa = PBXContainerItemProxy;
			containerPortal = 685C49F11B8AC9C000D34F19 /* Project object */;
			proxyType = 1;
			remoteGlobalIDString = 685C49F81B8AC9C000D34F19;
			remoteInfo = Notes;
		};
		685C4A191B8AC9C000D34F19 /* PBXContainerItemProxy */ = {
			isa = PBXContainerItemProxy;
			containerPortal = 685C49F11B8AC9C000D34F19 /* Project object */;
			proxyType = 1;
			remoteGlobalIDString = 685C49F81B8AC9C000D34F19;
			remoteInfo = Notes;
		};
		686048051B97DDD500575481 /* PBXContainerItemProxy */ = {
			isa = PBXContainerItemProxy;
			containerPortal = 685C49F11B8AC9C000D34F19 /* Project object */;
			proxyType = 1;
			remoteGlobalIDString = 686047F91B97DDD500575481;
			remoteInfo = "Notes-TodayScreen";
		};
		687A6FA71BCB4442001E1564 /* PBXContainerItemProxy */ = {
			isa = PBXContainerItemProxy;
			containerPortal = 685C49F11B8AC9C000D34F19 /* Project object */;
			proxyType = 1;
			remoteGlobalIDString = 687A6FA11BCB4442001E1564;
			remoteInfo = "Notes-SpotlightIndexer";
		};
/* End PBXContainerItemProxy section */

/* Begin PBXCopyFilesBuildPhase section */
		682508121BE83DCB0080EFC7 /* Embed App Extensions */ = {
			isa = PBXCopyFilesBuildPhase;
			buildActionMask = 2147483647;
			dstPath = "";
			dstSubfolderSpec = 13;
			files = (
				682507F71BE83DCA0080EFC7 /* Watch Extension.appex in Embed App Extensions */,
			);
			name = "Embed App Extensions";
			runOnlyForDeploymentPostprocessing = 0;
		};
		682508141BE83DCB0080EFC7 /* Embed Watch Content */ = {
			isa = PBXCopyFilesBuildPhase;
			buildActionMask = 2147483647;
			dstPath = "$(CONTENTS_FOLDER_PATH)/Watch";
			dstSubfolderSpec = 16;
			files = (
				6825080C1BE83DCA0080EFC7 /* Watch.app in Embed Watch Content */,
			);
			name = "Embed Watch Content";
			runOnlyForDeploymentPostprocessing = 0;
		};
		68B619AA1B90205700CD5356 /* Embed App Extensions */ = {
			isa = PBXCopyFilesBuildPhase;
			buildActionMask = 2147483647;
			dstPath = "";
			dstSubfolderSpec = 13;
			files = (
				686048071B97DDD500575481 /* Notes-TodayScreen.appex in Embed App Extensions */,
				687A6FA91BCB4442001E1564 /* Notes-SpotlightIndexer.appex in Embed App Extensions */,
			);
			name = "Embed App Extensions";
			runOnlyForDeploymentPostprocessing = 0;
		};
/* End PBXCopyFilesBuildPhase section */

/* Begin PBXFileReference section */
		682507EA1BE83DCA0080EFC7 /* Watch.app */ = {isa = PBXFileReference; explicitFileType = wrapper.application; includeInIndex = 0; path = Watch.app; sourceTree = BUILT_PRODUCTS_DIR; };
		682507ED1BE83DCA0080EFC7 /* Base */ = {isa = PBXFileReference; lastKnownFileType = file.storyboard; name = Base; path = Base.lproj/Interface.storyboard; sourceTree = "<group>"; };
		682507EF1BE83DCA0080EFC7 /* Assets.xcassets */ = {isa = PBXFileReference; lastKnownFileType = folder.assetcatalog; path = Assets.xcassets; sourceTree = "<group>"; };
		682507F11BE83DCA0080EFC7 /* Info.plist */ = {isa = PBXFileReference; lastKnownFileType = text.plist.xml; path = Info.plist; sourceTree = "<group>"; };
		682507F61BE83DCA0080EFC7 /* Watch Extension.appex */ = {isa = PBXFileReference; explicitFileType = "wrapper.app-extension"; includeInIndex = 0; path = "Watch Extension.appex"; sourceTree = BUILT_PRODUCTS_DIR; };
		682507FC1BE83DCA0080EFC7 /* PushNotificationPayload.apns */ = {isa = PBXFileReference; lastKnownFileType = text; path = PushNotificationPayload.apns; sourceTree = "<group>"; };
		682507FD1BE83DCA0080EFC7 /* NoteListInterfaceController.swift */ = {isa = PBXFileReference; lastKnownFileType = sourcecode.swift; path = NoteListInterfaceController.swift; sourceTree = "<group>"; };
		682507FF1BE83DCA0080EFC7 /* ExtensionDelegate.swift */ = {isa = PBXFileReference; lastKnownFileType = sourcecode.swift; path = ExtensionDelegate.swift; sourceTree = "<group>"; };
		682508031BE83DCA0080EFC7 /* GlanceController.swift */ = {isa = PBXFileReference; lastKnownFileType = sourcecode.swift; path = GlanceController.swift; sourceTree = "<group>"; };
		682508071BE83DCA0080EFC7 /* Assets.xcassets */ = {isa = PBXFileReference; lastKnownFileType = folder.assetcatalog; path = Assets.xcassets; sourceTree = "<group>"; };
		682508091BE83DCA0080EFC7 /* Info.plist */ = {isa = PBXFileReference; lastKnownFileType = text.plist.xml; path = Info.plist; sourceTree = "<group>"; };
		682508151BE841B10080EFC7 /* NoteInterfaceController.swift */ = {isa = PBXFileReference; fileEncoding = 4; lastKnownFileType = sourcecode.swift; path = NoteInterfaceController.swift; sourceTree = "<group>"; };
		683DAE5C1C09587D0016EE33 /* Watch.entitlements */ = {isa = PBXFileReference; lastKnownFileType = text.xml; path = Watch.entitlements; sourceTree = "<group>"; };
		683DAE5D1C09588E0016EE33 /* Watch Extension.entitlements */ = {isa = PBXFileReference; lastKnownFileType = text.xml; path = "Watch Extension.entitlements"; sourceTree = "<group>"; };
		6848C6321B8FD9D2000B3B00 /* AudioAttachmentViewController.swift */ = {isa = PBXFileReference; fileEncoding = 4; lastKnownFileType = sourcecode.swift; name = AudioAttachmentViewController.swift; path = "Notes-iOS/AudioAttachmentViewController.swift"; sourceTree = "<group>"; };
		685195E11B8D60A200548D79 /* Notes-iOS.app */ = {isa = PBXFileReference; explicitFileType = wrapper.application; includeInIndex = 0; path = "Notes-iOS.app"; sourceTree = BUILT_PRODUCTS_DIR; };
		685195E31B8D60A200548D79 /* AppDelegate.swift */ = {isa = PBXFileReference; lastKnownFileType = sourcecode.swift; name = AppDelegate.swift; path = "Notes-iOS/AppDelegate.swift"; sourceTree = "<group>"; };
		685195E51B8D60A200548D79 /* DocumentListViewController.swift */ = {isa = PBXFileReference; lastKnownFileType = sourcecode.swift; name = DocumentListViewController.swift; path = "Notes-iOS/DocumentListViewController.swift"; sourceTree = "<group>"; };
		685195EA1B8D60A200548D79 /* Base */ = {isa = PBXFileReference; lastKnownFileType = file.storyboard; name = Base; path = Base.lproj/Main.storyboard; sourceTree = "<group>"; };
		685195EC1B8D60A200548D79 /* Assets.xcassets */ = {isa = PBXFileReference; lastKnownFileType = folder.assetcatalog; path = Assets.xcassets; sourceTree = "<group>"; };
		685195EF1B8D60A200548D79 /* Base */ = {isa = PBXFileReference; lastKnownFileType = file.storyboard; name = Base; path = Base.lproj/LaunchScreen.storyboard; sourceTree = "<group>"; };
		685195F11B8D60A200548D79 /* Info.plist */ = {isa = PBXFileReference; lastKnownFileType = text.plist.xml; path = Info.plist; sourceTree = "<group>"; };
		685195F61B8D60A200548D79 /* Notes-iOSTests.xctest */ = {isa = PBXFileReference; explicitFileType = wrapper.cfbundle; includeInIndex = 0; path = "Notes-iOSTests.xctest"; sourceTree = BUILT_PRODUCTS_DIR; };
		685195FA1B8D60A200548D79 /* Notes_iOSTests.swift */ = {isa = PBXFileReference; lastKnownFileType = sourcecode.swift; path = Notes_iOSTests.swift; sourceTree = "<group>"; };
		685195FC1B8D60A200548D79 /* Info.plist */ = {isa = PBXFileReference; lastKnownFileType = text.plist.xml; path = Info.plist; sourceTree = "<group>"; };
		685196011B8D60A200548D79 /* Notes-iOSUITests.xctest */ = {isa = PBXFileReference; explicitFileType = wrapper.cfbundle; includeInIndex = 0; path = "Notes-iOSUITests.xctest"; sourceTree = BUILT_PRODUCTS_DIR; };
		685196051B8D60A200548D79 /* Notes_iOSUITests.swift */ = {isa = PBXFileReference; lastKnownFileType = sourcecode.swift; path = Notes_iOSUITests.swift; sourceTree = "<group>"; };
		685196071B8D60A200548D79 /* Info.plist */ = {isa = PBXFileReference; lastKnownFileType = text.plist.xml; path = Info.plist; sourceTree = "<group>"; };
		685196111B8D60C000548D79 /* Notes-iOS.entitlements */ = {isa = PBXFileReference; lastKnownFileType = text.xml; path = "Notes-iOS.entitlements"; sourceTree = "<group>"; };
		685196131B8D622100548D79 /* DocumentCommon.swift */ = {isa = PBXFileReference; fileEncoding = 4; lastKnownFileType = sourcecode.swift; path = DocumentCommon.swift; sourceTree = "<group>"; };
		685196161B8D653600548D79 /* Document.swift */ = {isa = PBXFileReference; fileEncoding = 4; lastKnownFileType = sourcecode.swift; name = Document.swift; path = "Notes-iOS/Document.swift"; sourceTree = "<group>"; };
		685196181B8D7F5B00548D79 /* DocumentViewController.swift */ = {isa = PBXFileReference; fileEncoding = 4; lastKnownFileType = sourcecode.swift; name = DocumentViewController.swift; path = "Notes-iOS/DocumentViewController.swift"; sourceTree = "<group>"; };
		685C49F91B8AC9C000D34F19 /* Notes.app */ = {isa = PBXFileReference; explicitFileType = wrapper.application; includeInIndex = 0; path = Notes.app; sourceTree = BUILT_PRODUCTS_DIR; };
		685C49FC1B8AC9C000D34F19 /* AppDelegate.swift */ = {isa = PBXFileReference; lastKnownFileType = sourcecode.swift; path = AppDelegate.swift; sourceTree = "<group>"; };
		685C49FE1B8AC9C000D34F19 /* Document.swift */ = {isa = PBXFileReference; lastKnownFileType = sourcecode.swift; path = Document.swift; sourceTree = "<group>"; };
		685C4A011B8AC9C000D34F19 /* Base */ = {isa = PBXFileReference; lastKnownFileType = file.xib; name = Base; path = Base.lproj/Document.xib; sourceTree = "<group>"; };
		685C4A031B8AC9C000D34F19 /* Assets.xcassets */ = {isa = PBXFileReference; lastKnownFileType = folder.assetcatalog; path = Assets.xcassets; sourceTree = "<group>"; };
		685C4A061B8AC9C000D34F19 /* Base */ = {isa = PBXFileReference; lastKnownFileType = file.xib; name = Base; path = Base.lproj/MainMenu.xib; sourceTree = "<group>"; };
		685C4A081B8AC9C000D34F19 /* Info.plist */ = {isa = PBXFileReference; lastKnownFileType = text.plist.xml; path = Info.plist; sourceTree = "<group>"; };
		685C4A0D1B8AC9C000D34F19 /* NotesTests.xctest */ = {isa = PBXFileReference; explicitFileType = wrapper.cfbundle; includeInIndex = 0; path = NotesTests.xctest; sourceTree = BUILT_PRODUCTS_DIR; };
		685C4A111B8AC9C000D34F19 /* NotesTests.swift */ = {isa = PBXFileReference; lastKnownFileType = sourcecode.swift; path = NotesTests.swift; sourceTree = "<group>"; };
		685C4A131B8AC9C000D34F19 /* Info.plist */ = {isa = PBXFileReference; lastKnownFileType = text.plist.xml; path = Info.plist; sourceTree = "<group>"; };
		685C4A181B8AC9C000D34F19 /* NotesUITests.xctest */ = {isa = PBXFileReference; explicitFileType = wrapper.cfbundle; includeInIndex = 0; path = NotesUITests.xctest; sourceTree = BUILT_PRODUCTS_DIR; };
		685C4A1C1B8AC9C000D34F19 /* NotesUITests.swift */ = {isa = PBXFileReference; lastKnownFileType = sourcecode.swift; path = NotesUITests.swift; sourceTree = "<group>"; };
		685C4A1E1B8AC9C000D34F19 /* Info.plist */ = {isa = PBXFileReference; lastKnownFileType = text.plist.xml; path = Info.plist; sourceTree = "<group>"; };
		685C4A2A1B8C15EB00D34F19 /* AddAttachmentViewController.swift */ = {isa = PBXFileReference; fileEncoding = 4; lastKnownFileType = sourcecode.swift; path = AddAttachmentViewController.swift; sourceTree = "<group>"; };
		685C4A2B1B8C15EB00D34F19 /* AddAttachmentViewController.xib */ = {isa = PBXFileReference; fileEncoding = 4; lastKnownFileType = file.xib; path = AddAttachmentViewController.xib; sourceTree = "<group>"; };
		685C4A2E1B8C306300D34F19 /* Notes.entitlements */ = {isa = PBXFileReference; lastKnownFileType = text.xml; path = Notes.entitlements; sourceTree = "<group>"; };
		686047FA1B97DDD500575481 /* Notes-TodayScreen.appex */ = {isa = PBXFileReference; explicitFileType = "wrapper.app-extension"; includeInIndex = 0; path = "Notes-TodayScreen.appex"; sourceTree = BUILT_PRODUCTS_DIR; };
		686047FC1B97DDD500575481 /* NotificationCenter.framework */ = {isa = PBXFileReference; lastKnownFileType = wrapper.framework; name = NotificationCenter.framework; path = System/Library/Frameworks/NotificationCenter.framework; sourceTree = SDKROOT; };
		686047FF1B97DDD500575481 /* TodayViewController.swift */ = {isa = PBXFileReference; lastKnownFileType = sourcecode.swift; path = TodayViewController.swift; sourceTree = "<group>"; };
		686048021B97DDD500575481 /* Base */ = {isa = PBXFileReference; lastKnownFileType = file.storyboard; name = Base; path = Base.lproj/MainInterface.storyboard; sourceTree = "<group>"; };
		686048041B97DDD500575481 /* Info.plist */ = {isa = PBXFileReference; lastKnownFileType = text.plist.xml; path = Info.plist; sourceTree = "<group>"; };
		687A6FA21BCB4442001E1564 /* Notes-SpotlightIndexer.appex */ = {isa = PBXFileReference; explicitFileType = "wrapper.app-extension"; includeInIndex = 0; path = "Notes-SpotlightIndexer.appex"; sourceTree = BUILT_PRODUCTS_DIR; };
		687A6FA41BCB4442001E1564 /* IndexRequestHandler.swift */ = {isa = PBXFileReference; lastKnownFileType = sourcecode.swift; path = IndexRequestHandler.swift; sourceTree = "<group>"; };
		687A6FA61BCB4442001E1564 /* Info.plist */ = {isa = PBXFileReference; lastKnownFileType = text.plist.xml; path = Info.plist; sourceTree = "<group>"; };
		687A6FAD1BCB445E001E1564 /* Notes-SpotlightIndexer.entitlements */ = {isa = PBXFileReference; lastKnownFileType = text.xml; path = "Notes-SpotlightIndexer.entitlements"; sourceTree = "<group>"; };
		6889C1BA1BBB91BB0066454F /* Settings.bundle */ = {isa = PBXFileReference; lastKnownFileType = "wrapper.plug-in"; path = Settings.bundle; sourceTree = "<group>"; };
		6889C1BC1BBBD1840066454F /* NotificationAttachmentViewController.swift */ = {isa = PBXFileReference; fileEncoding = 4; lastKnownFileType = sourcecode.swift; name = NotificationAttachmentViewController.swift; path = "Notes-iOS/NotificationAttachmentViewController.swift"; sourceTree = "<group>"; };
		68D6178D1B8ED82A0049C16A /* ImageAttachmentViewController.swift */ = {isa = PBXFileReference; fileEncoding = 4; lastKnownFileType = sourcecode.swift; name = ImageAttachmentViewController.swift; path = "Notes-iOS/ImageAttachmentViewController.swift"; sourceTree = "<group>"; };
		68D6178F1B8F263B0049C16A /* LocationAttachmentViewController.swift */ = {isa = PBXFileReference; fileEncoding = 4; lastKnownFileType = sourcecode.swift; name = LocationAttachmentViewController.swift; path = "Notes-iOS/LocationAttachmentViewController.swift"; sourceTree = "<group>"; };
		68EFED591B97FB9200399E16 /* Notes-TodayScreen.entitlements */ = {isa = PBXFileReference; lastKnownFileType = text.xml; path = "Notes-TodayScreen.entitlements"; sourceTree = "<group>"; };
/* End PBXFileReference section */

/* Begin PBXFrameworksBuildPhase section */
		682507F31BE83DCA0080EFC7 /* Frameworks */ = {
			isa = PBXFrameworksBuildPhase;
			buildActionMask = 2147483647;
			files = (
			);
			runOnlyForDeploymentPostprocessing = 0;
		};
		685195DE1B8D60A200548D79 /* Frameworks */ = {
			isa = PBXFrameworksBuildPhase;
			buildActionMask = 2147483647;
			files = (
			);
			runOnlyForDeploymentPostprocessing = 0;
		};
		685195F31B8D60A200548D79 /* Frameworks */ = {
			isa = PBXFrameworksBuildPhase;
			buildActionMask = 2147483647;
			files = (
			);
			runOnlyForDeploymentPostprocessing = 0;
		};
		685195FE1B8D60A200548D79 /* Frameworks */ = {
			isa = PBXFrameworksBuildPhase;
			buildActionMask = 2147483647;
			files = (
			);
			runOnlyForDeploymentPostprocessing = 0;
		};
		685C49F61B8AC9C000D34F19 /* Frameworks */ = {
			isa = PBXFrameworksBuildPhase;
			buildActionMask = 2147483647;
			files = (
			);
			runOnlyForDeploymentPostprocessing = 0;
		};
		685C4A0A1B8AC9C000D34F19 /* Frameworks */ = {
			isa = PBXFrameworksBuildPhase;
			buildActionMask = 2147483647;
			files = (
			);
			runOnlyForDeploymentPostprocessing = 0;
		};
		685C4A151B8AC9C000D34F19 /* Frameworks */ = {
			isa = PBXFrameworksBuildPhase;
			buildActionMask = 2147483647;
			files = (
			);
			runOnlyForDeploymentPostprocessing = 0;
		};
		686047F71B97DDD500575481 /* Frameworks */ = {
			isa = PBXFrameworksBuildPhase;
			buildActionMask = 2147483647;
			files = (
				686047FD1B97DDD500575481 /* NotificationCenter.framework in Frameworks */,
			);
			runOnlyForDeploymentPostprocessing = 0;
		};
		687A6F9F1BCB4442001E1564 /* Frameworks */ = {
			isa = PBXFrameworksBuildPhase;
			buildActionMask = 2147483647;
			files = (
			);
			runOnlyForDeploymentPostprocessing = 0;
		};
/* End PBXFrameworksBuildPhase section */

/* Begin PBXGroup section */
		682507EB1BE83DCA0080EFC7 /* Watch */ = {
			isa = PBXGroup;
			children = (
				683DAE5C1C09587D0016EE33 /* Watch.entitlements */,
				682507EC1BE83DCA0080EFC7 /* Interface.storyboard */,
				682507EF1BE83DCA0080EFC7 /* Assets.xcassets */,
				682507F11BE83DCA0080EFC7 /* Info.plist */,
			);
			path = Watch;
			sourceTree = "<group>";
		};
		682507FA1BE83DCA0080EFC7 /* Watch Extension */ = {
			isa = PBXGroup;
			children = (
				683DAE5D1C09588E0016EE33 /* Watch Extension.entitlements */,
				682507FD1BE83DCA0080EFC7 /* NoteListInterfaceController.swift */,
				682508151BE841B10080EFC7 /* NoteInterfaceController.swift */,
				682507FF1BE83DCA0080EFC7 /* ExtensionDelegate.swift */,
				682508031BE83DCA0080EFC7 /* GlanceController.swift */,
				682508071BE83DCA0080EFC7 /* Assets.xcassets */,
				682508091BE83DCA0080EFC7 /* Info.plist */,
				682507FB1BE83DCA0080EFC7 /* Supporting Files */,
			);
			path = "Watch Extension";
			sourceTree = "<group>";
		};
		682507FB1BE83DCA0080EFC7 /* Supporting Files */ = {
			isa = PBXGroup;
			children = (
				682507FC1BE83DCA0080EFC7 /* PushNotificationPayload.apns */,
			);
			name = "Supporting Files";
			sourceTree = "<group>";
		};
		685195E21B8D60A200548D79 /* Notes-iOS */ = {
			isa = PBXGroup;
			children = (
				685196111B8D60C000548D79 /* Notes-iOS.entitlements */,
				685195E31B8D60A200548D79 /* AppDelegate.swift */,
				685195E51B8D60A200548D79 /* DocumentListViewController.swift */,
				685196181B8D7F5B00548D79 /* DocumentViewController.swift */,
				685196161B8D653600548D79 /* Document.swift */,
				68D6178D1B8ED82A0049C16A /* ImageAttachmentViewController.swift */,
				6848C6321B8FD9D2000B3B00 /* AudioAttachmentViewController.swift */,
				68D6178F1B8F263B0049C16A /* LocationAttachmentViewController.swift */,
				6889C1BC1BBBD1840066454F /* NotificationAttachmentViewController.swift */,
				685195E91B8D60A200548D79 /* Main.storyboard */,
				685195EC1B8D60A200548D79 /* Assets.xcassets */,
				685195EE1B8D60A200548D79 /* LaunchScreen.storyboard */,
				685195F11B8D60A200548D79 /* Info.plist */,
				6889C1BA1BBB91BB0066454F /* Settings.bundle */,
			);
			path = "Notes-iOS";
			sourceTree = "<group>";
		};
		685195F91B8D60A200548D79 /* Notes-iOSTests */ = {
			isa = PBXGroup;
			children = (
				685195FA1B8D60A200548D79 /* Notes_iOSTests.swift */,
				685195FC1B8D60A200548D79 /* Info.plist */,
			);
			path = "Notes-iOSTests";
			sourceTree = "<group>";
		};
		685196041B8D60A200548D79 /* Notes-iOSUITests */ = {
			isa = PBXGroup;
			children = (
				685196051B8D60A200548D79 /* Notes_iOSUITests.swift */,
				685196071B8D60A200548D79 /* Info.plist */,
			);
			path = "Notes-iOSUITests";
			sourceTree = "<group>";
		};
		685196121B8D61A000548D79 /* Common */ = {
			isa = PBXGroup;
			children = (
				685196131B8D622100548D79 /* DocumentCommon.swift */,
			);
			path = Common;
			sourceTree = "<group>";
		};
		685C49F01B8AC9C000D34F19 = {
			isa = PBXGroup;
			children = (
				685C49FB1B8AC9C000D34F19 /* Notes */,
				685196121B8D61A000548D79 /* Common */,
				685C4A101B8AC9C000D34F19 /* NotesTests */,
				685C4A1B1B8AC9C000D34F19 /* NotesUITests */,
				685195E21B8D60A200548D79 /* Notes-iOS */,
				685195F91B8D60A200548D79 /* Notes-iOSTests */,
				685196041B8D60A200548D79 /* Notes-iOSUITests */,
				686047FE1B97DDD500575481 /* Notes-TodayScreen */,
				687A6FA31BCB4442001E1564 /* Notes-SpotlightIndexer */,
				682507EB1BE83DCA0080EFC7 /* Watch */,
				682507FA1BE83DCA0080EFC7 /* Watch Extension */,
				686047FB1B97DDD500575481 /* Frameworks */,
				685C49FA1B8AC9C000D34F19 /* Products */,
			);
			sourceTree = "<group>";
		};
		685C49FA1B8AC9C000D34F19 /* Products */ = {
			isa = PBXGroup;
			children = (
				685C49F91B8AC9C000D34F19 /* Notes.app */,
				685C4A0D1B8AC9C000D34F19 /* NotesTests.xctest */,
				685C4A181B8AC9C000D34F19 /* NotesUITests.xctest */,
				685195E11B8D60A200548D79 /* Notes-iOS.app */,
				685195F61B8D60A200548D79 /* Notes-iOSTests.xctest */,
				685196011B8D60A200548D79 /* Notes-iOSUITests.xctest */,
				686047FA1B97DDD500575481 /* Notes-TodayScreen.appex */,
				687A6FA21BCB4442001E1564 /* Notes-SpotlightIndexer.appex */,
				682507EA1BE83DCA0080EFC7 /* Watch.app */,
				682507F61BE83DCA0080EFC7 /* Watch Extension.appex */,
			);
			name = Products;
			sourceTree = "<group>";
		};
		685C49FB1B8AC9C000D34F19 /* Notes */ = {
			isa = PBXGroup;
			children = (
				685C4A2E1B8C306300D34F19 /* Notes.entitlements */,
				685C49FC1B8AC9C000D34F19 /* AppDelegate.swift */,
				685C49FE1B8AC9C000D34F19 /* Document.swift */,
				685C4A001B8AC9C000D34F19 /* Document.xib */,
				685C4A2A1B8C15EB00D34F19 /* AddAttachmentViewController.swift */,
				685C4A2B1B8C15EB00D34F19 /* AddAttachmentViewController.xib */,
				685C4A031B8AC9C000D34F19 /* Assets.xcassets */,
				685C4A051B8AC9C000D34F19 /* MainMenu.xib */,
				685C4A081B8AC9C000D34F19 /* Info.plist */,
			);
			path = Notes;
			sourceTree = "<group>";
		};
		685C4A101B8AC9C000D34F19 /* NotesTests */ = {
			isa = PBXGroup;
			children = (
				685C4A111B8AC9C000D34F19 /* NotesTests.swift */,
				685C4A131B8AC9C000D34F19 /* Info.plist */,
			);
			path = NotesTests;
			sourceTree = "<group>";
		};
		685C4A1B1B8AC9C000D34F19 /* NotesUITests */ = {
			isa = PBXGroup;
			children = (
				685C4A1C1B8AC9C000D34F19 /* NotesUITests.swift */,
				685C4A1E1B8AC9C000D34F19 /* Info.plist */,
			);
			path = NotesUITests;
			sourceTree = "<group>";
		};
		686047FB1B97DDD500575481 /* Frameworks */ = {
			isa = PBXGroup;
			children = (
				686047FC1B97DDD500575481 /* NotificationCenter.framework */,
			);
			name = Frameworks;
			sourceTree = "<group>";
		};
		686047FE1B97DDD500575481 /* Notes-TodayScreen */ = {
			isa = PBXGroup;
			children = (
				68EFED591B97FB9200399E16 /* Notes-TodayScreen.entitlements */,
				686047FF1B97DDD500575481 /* TodayViewController.swift */,
				686048011B97DDD500575481 /* MainInterface.storyboard */,
				686048041B97DDD500575481 /* Info.plist */,
			);
			path = "Notes-TodayScreen";
			sourceTree = "<group>";
		};
		687A6FA31BCB4442001E1564 /* Notes-SpotlightIndexer */ = {
			isa = PBXGroup;
			children = (
				687A6FAD1BCB445E001E1564 /* Notes-SpotlightIndexer.entitlements */,
				687A6FA41BCB4442001E1564 /* IndexRequestHandler.swift */,
				687A6FA61BCB4442001E1564 /* Info.plist */,
			);
			path = "Notes-SpotlightIndexer";
			sourceTree = "<group>";
		};
/* End PBXGroup section */

/* Begin PBXNativeTarget section */
		682507E91BE83DCA0080EFC7 /* Watch */ = {
			isa = PBXNativeTarget;
			buildConfigurationList = 682508131BE83DCB0080EFC7 /* Build configuration list for PBXNativeTarget "Watch" */;
			buildPhases = (
				682507E81BE83DCA0080EFC7 /* Resources */,
				682508121BE83DCB0080EFC7 /* Embed App Extensions */,
			);
			buildRules = (
			);
			dependencies = (
				682507F91BE83DCA0080EFC7 /* PBXTargetDependency */,
			);
			name = Watch;
			productName = Watch;
			productReference = 682507EA1BE83DCA0080EFC7 /* Watch.app */;
			productType = "com.apple.product-type.application.watchapp2";
		};
		682507F51BE83DCA0080EFC7 /* Watch Extension */ = {
			isa = PBXNativeTarget;
			buildConfigurationList = 682508111BE83DCB0080EFC7 /* Build configuration list for PBXNativeTarget "Watch Extension" */;
			buildPhases = (
				682507F21BE83DCA0080EFC7 /* Sources */,
				682507F31BE83DCA0080EFC7 /* Frameworks */,
				682507F41BE83DCA0080EFC7 /* Resources */,
			);
			buildRules = (
			);
			dependencies = (
			);
			name = "Watch Extension";
			productName = "Watch Extension";
			productReference = 682507F61BE83DCA0080EFC7 /* Watch Extension.appex */;
			productType = "com.apple.product-type.watchkit2-extension";
		};
		685195E01B8D60A200548D79 /* Notes-iOS */ = {
			isa = PBXNativeTarget;
			buildConfigurationList = 6851960E1B8D60A200548D79 /* Build configuration list for PBXNativeTarget "Notes-iOS" */;
			buildPhases = (
				685195DD1B8D60A200548D79 /* Sources */,
				685195DE1B8D60A200548D79 /* Frameworks */,
				685195DF1B8D60A200548D79 /* Resources */,
				68B619AA1B90205700CD5356 /* Embed App Extensions */,
				682508141BE83DCB0080EFC7 /* Embed Watch Content */,
			);
			buildRules = (
			);
			dependencies = (
				686048061B97DDD500575481 /* PBXTargetDependency */,
				687A6FA81BCB4442001E1564 /* PBXTargetDependency */,
				6825080B1BE83DCA0080EFC7 /* PBXTargetDependency */,
			);
			name = "Notes-iOS";
			productName = "Notes-iOS";
			productReference = 685195E11B8D60A200548D79 /* Notes-iOS.app */;
			productType = "com.apple.product-type.application";
		};
		685195F51B8D60A200548D79 /* Notes-iOSTests */ = {
			isa = PBXNativeTarget;
			buildConfigurationList = 6851960F1B8D60A200548D79 /* Build configuration list for PBXNativeTarget "Notes-iOSTests" */;
			buildPhases = (
				685195F21B8D60A200548D79 /* Sources */,
				685195F31B8D60A200548D79 /* Frameworks */,
				685195F41B8D60A200548D79 /* Resources */,
			);
			buildRules = (
			);
			dependencies = (
				685195F81B8D60A200548D79 /* PBXTargetDependency */,
			);
			name = "Notes-iOSTests";
			productName = "Notes-iOSTests";
			productReference = 685195F61B8D60A200548D79 /* Notes-iOSTests.xctest */;
			productType = "com.apple.product-type.bundle.unit-test";
		};
		685196001B8D60A200548D79 /* Notes-iOSUITests */ = {
			isa = PBXNativeTarget;
			buildConfigurationList = 685196101B8D60A200548D79 /* Build configuration list for PBXNativeTarget "Notes-iOSUITests" */;
			buildPhases = (
				685195FD1B8D60A200548D79 /* Sources */,
				685195FE1B8D60A200548D79 /* Frameworks */,
				685195FF1B8D60A200548D79 /* Resources */,
			);
			buildRules = (
			);
			dependencies = (
				685196031B8D60A200548D79 /* PBXTargetDependency */,
			);
			name = "Notes-iOSUITests";
			productName = "Notes-iOSUITests";
			productReference = 685196011B8D60A200548D79 /* Notes-iOSUITests.xctest */;
			productType = "com.apple.product-type.bundle.ui-testing";
		};
		685C49F81B8AC9C000D34F19 /* Notes */ = {
			isa = PBXNativeTarget;
			buildConfigurationList = 685C4A211B8AC9C000D34F19 /* Build configuration list for PBXNativeTarget "Notes" */;
			buildPhases = (
				685C49F51B8AC9C000D34F19 /* Sources */,
				685C49F61B8AC9C000D34F19 /* Frameworks */,
				685C49F71B8AC9C000D34F19 /* Resources */,
			);
			buildRules = (
			);
			dependencies = (
			);
			name = Notes;
			productName = Notes;
			productReference = 685C49F91B8AC9C000D34F19 /* Notes.app */;
			productType = "com.apple.product-type.application";
		};
		685C4A0C1B8AC9C000D34F19 /* NotesTests */ = {
			isa = PBXNativeTarget;
			buildConfigurationList = 685C4A241B8AC9C000D34F19 /* Build configuration list for PBXNativeTarget "NotesTests" */;
			buildPhases = (
				685C4A091B8AC9C000D34F19 /* Sources */,
				685C4A0A1B8AC9C000D34F19 /* Frameworks */,
				685C4A0B1B8AC9C000D34F19 /* Resources */,
			);
			buildRules = (
			);
			dependencies = (
				685C4A0F1B8AC9C000D34F19 /* PBXTargetDependency */,
			);
			name = NotesTests;
			productName = NotesTests;
			productReference = 685C4A0D1B8AC9C000D34F19 /* NotesTests.xctest */;
			productType = "com.apple.product-type.bundle.unit-test";
		};
		685C4A171B8AC9C000D34F19 /* NotesUITests */ = {
			isa = PBXNativeTarget;
			buildConfigurationList = 685C4A271B8AC9C000D34F19 /* Build configuration list for PBXNativeTarget "NotesUITests" */;
			buildPhases = (
				685C4A141B8AC9C000D34F19 /* Sources */,
				685C4A151B8AC9C000D34F19 /* Frameworks */,
				685C4A161B8AC9C000D34F19 /* Resources */,
			);
			buildRules = (
			);
			dependencies = (
				685C4A1A1B8AC9C000D34F19 /* PBXTargetDependency */,
			);
			name = NotesUITests;
			productName = NotesUITests;
			productReference = 685C4A181B8AC9C000D34F19 /* NotesUITests.xctest */;
			productType = "com.apple.product-type.bundle.ui-testing";
		};
		686047F91B97DDD500575481 /* Notes-TodayScreen */ = {
			isa = PBXNativeTarget;
			buildConfigurationList = 6860480A1B97DDD500575481 /* Build configuration list for PBXNativeTarget "Notes-TodayScreen" */;
			buildPhases = (
				686047F61B97DDD500575481 /* Sources */,
				686047F71B97DDD500575481 /* Frameworks */,
				686047F81B97DDD500575481 /* Resources */,
			);
			buildRules = (
			);
			dependencies = (
			);
			name = "Notes-TodayScreen";
			productName = "Notes-TodayScreen";
			productReference = 686047FA1B97DDD500575481 /* Notes-TodayScreen.appex */;
			productType = "com.apple.product-type.app-extension";
		};
		687A6FA11BCB4442001E1564 /* Notes-SpotlightIndexer */ = {
			isa = PBXNativeTarget;
			buildConfigurationList = 687A6FAA1BCB4442001E1564 /* Build configuration list for PBXNativeTarget "Notes-SpotlightIndexer" */;
			buildPhases = (
				687A6F9E1BCB4442001E1564 /* Sources */,
				687A6F9F1BCB4442001E1564 /* Frameworks */,
				687A6FA01BCB4442001E1564 /* Resources */,
			);
			buildRules = (
			);
			dependencies = (
			);
			name = "Notes-SpotlightIndexer";
			productName = "Notes-SpotlightIndexer";
			productReference = 687A6FA21BCB4442001E1564 /* Notes-SpotlightIndexer.appex */;
			productType = "com.apple.product-type.app-extension";
		};
/* End PBXNativeTarget section */

/* Begin PBXProject section */
		685C49F11B8AC9C000D34F19 /* Project object */ = {
			isa = PBXProject;
			attributes = {
				LastSwiftUpdateCheck = 0710;
				LastUpgradeCheck = 0700;
				ORGANIZATIONNAME = "Jonathon Manning";
				TargetAttributes = {
					682507E91BE83DCA0080EFC7 = {
						CreatedOnToolsVersion = 7.1;
						DevelopmentTeam = 5V2A4389PA;
						SystemCapabilities = {
							com.apple.ApplicationGroups.iOS = {
								enabled = 1;
							};
						};
					};
					682507F51BE83DCA0080EFC7 = {
						CreatedOnToolsVersion = 7.1;
						DevelopmentTeam = 5V2A4389PA;
						SystemCapabilities = {
							com.apple.ApplicationGroups.iOS = {
								enabled = 1;
							};
						};
					};
					685195E01B8D60A200548D79 = {
						CreatedOnToolsVersion = 7.0;
						DevelopmentTeam = 5V2A4389PA;
						SystemCapabilities = {
							com.apple.ApplicationGroups.iOS = {
								enabled = 0;
							};
							com.apple.BackgroundModes = {
								enabled = 1;
							};
							com.apple.iCloud = {
								enabled = 1;
							};
						};
					};
					685195F51B8D60A200548D79 = {
						CreatedOnToolsVersion = 7.0;
						TestTargetID = 685195E01B8D60A200548D79;
					};
					685196001B8D60A200548D79 = {
						CreatedOnToolsVersion = 7.0;
						TestTargetID = 685195E01B8D60A200548D79;
					};
					685C49F81B8AC9C000D34F19 = {
						CreatedOnToolsVersion = 7.0;
						DevelopmentTeam = 5V2A4389PA;
						SystemCapabilities = {
							com.apple.iCloud = {
								enabled = 1;
							};
						};
					};
					685C4A0C1B8AC9C000D34F19 = {
						CreatedOnToolsVersion = 7.0;
						TestTargetID = 685C49F81B8AC9C000D34F19;
					};
					685C4A171B8AC9C000D34F19 = {
						CreatedOnToolsVersion = 7.0;
						TestTargetID = 685C49F81B8AC9C000D34F19;
					};
					686047F91B97DDD500575481 = {
						CreatedOnToolsVersion = 7.0;
						DevelopmentTeam = 5V2A4389PA;
						SystemCapabilities = {
							com.apple.iCloud = {
								enabled = 1;
							};
						};
					};
					687A6FA11BCB4442001E1564 = {
						CreatedOnToolsVersion = 7.0;
						DevelopmentTeam = 5V2A4389PA;
						SystemCapabilities = {
							com.apple.iCloud = {
								enabled = 1;
							};
						};
					};
				};
			};
			buildConfigurationList = 685C49F41B8AC9C000D34F19 /* Build configuration list for PBXProject "Notes" */;
			compatibilityVersion = "Xcode 3.2";
			developmentRegion = English;
			hasScannedForEncodings = 0;
			knownRegions = (
				en,
				Base,
			);
			mainGroup = 685C49F01B8AC9C000D34F19;
			productRefGroup = 685C49FA1B8AC9C000D34F19 /* Products */;
			projectDirPath = "";
			projectRoot = "";
			targets = (
				685C49F81B8AC9C000D34F19 /* Notes */,
				685C4A0C1B8AC9C000D34F19 /* NotesTests */,
				685C4A171B8AC9C000D34F19 /* NotesUITests */,
				685195E01B8D60A200548D79 /* Notes-iOS */,
				685195F51B8D60A200548D79 /* Notes-iOSTests */,
				685196001B8D60A200548D79 /* Notes-iOSUITests */,
				686047F91B97DDD500575481 /* Notes-TodayScreen */,
				687A6FA11BCB4442001E1564 /* Notes-SpotlightIndexer */,
				682507E91BE83DCA0080EFC7 /* Watch */,
				682507F51BE83DCA0080EFC7 /* Watch Extension */,
			);
		};
/* End PBXProject section */

/* Begin PBXResourcesBuildPhase section */
		682507E81BE83DCA0080EFC7 /* Resources */ = {
			isa = PBXResourcesBuildPhase;
			buildActionMask = 2147483647;
			files = (
				682507F01BE83DCA0080EFC7 /* Assets.xcassets in Resources */,
				682507EE1BE83DCA0080EFC7 /* Interface.storyboard in Resources */,
			);
			runOnlyForDeploymentPostprocessing = 0;
		};
		682507F41BE83DCA0080EFC7 /* Resources */ = {
			isa = PBXResourcesBuildPhase;
			buildActionMask = 2147483647;
			files = (
				682508081BE83DCA0080EFC7 /* Assets.xcassets in Resources */,
			);
			runOnlyForDeploymentPostprocessing = 0;
		};
		685195DF1B8D60A200548D79 /* Resources */ = {
			isa = PBXResourcesBuildPhase;
			buildActionMask = 2147483647;
			files = (
				6889C1BB1BBB91BB0066454F /* Settings.bundle in Resources */,
				685195F01B8D60A200548D79 /* LaunchScreen.storyboard in Resources */,
				685195ED1B8D60A200548D79 /* Assets.xcassets in Resources */,
				685195EB1B8D60A200548D79 /* Main.storyboard in Resources */,
			);
			runOnlyForDeploymentPostprocessing = 0;
		};
		685195F41B8D60A200548D79 /* Resources */ = {
			isa = PBXResourcesBuildPhase;
			buildActionMask = 2147483647;
			files = (
			);
			runOnlyForDeploymentPostprocessing = 0;
		};
		685195FF1B8D60A200548D79 /* Resources */ = {
			isa = PBXResourcesBuildPhase;
			buildActionMask = 2147483647;
			files = (
			);
			runOnlyForDeploymentPostprocessing = 0;
		};
		685C49F71B8AC9C000D34F19 /* Resources */ = {
			isa = PBXResourcesBuildPhase;
			buildActionMask = 2147483647;
			files = (
				685C4A041B8AC9C000D34F19 /* Assets.xcassets in Resources */,
				685C4A2D1B8C15EB00D34F19 /* AddAttachmentViewController.xib in Resources */,
				685C4A021B8AC9C000D34F19 /* Document.xib in Resources */,
				685C4A071B8AC9C000D34F19 /* MainMenu.xib in Resources */,
			);
			runOnlyForDeploymentPostprocessing = 0;
		};
		685C4A0B1B8AC9C000D34F19 /* Resources */ = {
			isa = PBXResourcesBuildPhase;
			buildActionMask = 2147483647;
			files = (
			);
			runOnlyForDeploymentPostprocessing = 0;
		};
		685C4A161B8AC9C000D34F19 /* Resources */ = {
			isa = PBXResourcesBuildPhase;
			buildActionMask = 2147483647;
			files = (
			);
			runOnlyForDeploymentPostprocessing = 0;
		};
		686047F81B97DDD500575481 /* Resources */ = {
			isa = PBXResourcesBuildPhase;
			buildActionMask = 2147483647;
			files = (
				686048031B97DDD500575481 /* MainInterface.storyboard in Resources */,
			);
			runOnlyForDeploymentPostprocessing = 0;
		};
		687A6FA01BCB4442001E1564 /* Resources */ = {
			isa = PBXResourcesBuildPhase;
			buildActionMask = 2147483647;
			files = (
			);
			runOnlyForDeploymentPostprocessing = 0;
		};
/* End PBXResourcesBuildPhase section */

/* Begin PBXSourcesBuildPhase section */
		682507F21BE83DCA0080EFC7 /* Sources */ = {
			isa = PBXSourcesBuildPhase;
			buildActionMask = 2147483647;
			files = (
				682508001BE83DCA0080EFC7 /* ExtensionDelegate.swift in Sources */,
				682507FE1BE83DCA0080EFC7 /* NoteListInterfaceController.swift in Sources */,
				682508171BE848B60080EFC7 /* DocumentCommon.swift in Sources */,
				682508041BE83DCA0080EFC7 /* GlanceController.swift in Sources */,
				682508161BE841B10080EFC7 /* NoteInterfaceController.swift in Sources */,
			);
			runOnlyForDeploymentPostprocessing = 0;
		};
		685195DD1B8D60A200548D79 /* Sources */ = {
			isa = PBXSourcesBuildPhase;
			buildActionMask = 2147483647;
			files = (
				685196191B8D7F5B00548D79 /* DocumentViewController.swift in Sources */,
				685195E61B8D60A200548D79 /* DocumentListViewController.swift in Sources */,
				6848C6331B8FD9D3000B3B00 /* AudioAttachmentViewController.swift in Sources */,
				68D617901B8F263B0049C16A /* LocationAttachmentViewController.swift in Sources */,
				685195E41B8D60A200548D79 /* AppDelegate.swift in Sources */,
				685196151B8D622A00548D79 /* DocumentCommon.swift in Sources */,
				685196171B8D653600548D79 /* Document.swift in Sources */,
				6889C1BD1BBBD1840066454F /* NotificationAttachmentViewController.swift in Sources */,
				68D6178E1B8ED82A0049C16A /* ImageAttachmentViewController.swift in Sources */,
			);
			runOnlyForDeploymentPostprocessing = 0;
		};
		685195F21B8D60A200548D79 /* Sources */ = {
			isa = PBXSourcesBuildPhase;
			buildActionMask = 2147483647;
			files = (
				685195FB1B8D60A200548D79 /* Notes_iOSTests.swift in Sources */,
			);
			runOnlyForDeploymentPostprocessing = 0;
		};
		685195FD1B8D60A200548D79 /* Sources */ = {
			isa = PBXSourcesBuildPhase;
			buildActionMask = 2147483647;
			files = (
				685196061B8D60A200548D79 /* Notes_iOSUITests.swift in Sources */,
			);
			runOnlyForDeploymentPostprocessing = 0;
		};
		685C49F51B8AC9C000D34F19 /* Sources */ = {
			isa = PBXSourcesBuildPhase;
			buildActionMask = 2147483647;
			files = (
				685C4A2C1B8C15EB00D34F19 /* AddAttachmentViewController.swift in Sources */,
				685C49FF1B8AC9C000D34F19 /* Document.swift in Sources */,
				685C49FD1B8AC9C000D34F19 /* AppDelegate.swift in Sources */,
				685196141B8D622100548D79 /* DocumentCommon.swift in Sources */,
			);
			runOnlyForDeploymentPostprocessing = 0;
		};
		685C4A091B8AC9C000D34F19 /* Sources */ = {
			isa = PBXSourcesBuildPhase;
			buildActionMask = 2147483647;
			files = (
				685C4A121B8AC9C000D34F19 /* NotesTests.swift in Sources */,
			);
			runOnlyForDeploymentPostprocessing = 0;
		};
		685C4A141B8AC9C000D34F19 /* Sources */ = {
			isa = PBXSourcesBuildPhase;
			buildActionMask = 2147483647;
			files = (
				685C4A1D1B8AC9C000D34F19 /* NotesUITests.swift in Sources */,
			);
			runOnlyForDeploymentPostprocessing = 0;
		};
		686047F61B97DDD500575481 /* Sources */ = {
			isa = PBXSourcesBuildPhase;
			buildActionMask = 2147483647;
			files = (
				686048001B97DDD500575481 /* TodayViewController.swift in Sources */,
			);
			runOnlyForDeploymentPostprocessing = 0;
		};
		687A6F9E1BCB4442001E1564 /* Sources */ = {
			isa = PBXSourcesBuildPhase;
			buildActionMask = 2147483647;
			files = (
				687A6FA51BCB4442001E1564 /* IndexRequestHandler.swift in Sources */,
				687A6FAE1BCB4759001E1564 /* DocumentCommon.swift in Sources */,
			);
			runOnlyForDeploymentPostprocessing = 0;
		};
/* End PBXSourcesBuildPhase section */

/* Begin PBXTargetDependency section */
		682507F91BE83DCA0080EFC7 /* PBXTargetDependency */ = {
			isa = PBXTargetDependency;
			target = 682507F51BE83DCA0080EFC7 /* Watch Extension */;
			targetProxy = 682507F81BE83DCA0080EFC7 /* PBXContainerItemProxy */;
		};
		6825080B1BE83DCA0080EFC7 /* PBXTargetDependency */ = {
			isa = PBXTargetDependency;
			target = 682507E91BE83DCA0080EFC7 /* Watch */;
			targetProxy = 6825080A1BE83DCA0080EFC7 /* PBXContainerItemProxy */;
		};
		685195F81B8D60A200548D79 /* PBXTargetDependency */ = {
			isa = PBXTargetDependency;
			target = 685195E01B8D60A200548D79 /* Notes-iOS */;
			targetProxy = 685195F71B8D60A200548D79 /* PBXContainerItemProxy */;
		};
		685196031B8D60A200548D79 /* PBXTargetDependency */ = {
			isa = PBXTargetDependency;
			target = 685195E01B8D60A200548D79 /* Notes-iOS */;
			targetProxy = 685196021B8D60A200548D79 /* PBXContainerItemProxy */;
		};
		685C4A0F1B8AC9C000D34F19 /* PBXTargetDependency */ = {
			isa = PBXTargetDependency;
			target = 685C49F81B8AC9C000D34F19 /* Notes */;
			targetProxy = 685C4A0E1B8AC9C000D34F19 /* PBXContainerItemProxy */;
		};
		685C4A1A1B8AC9C000D34F19 /* PBXTargetDependency */ = {
			isa = PBXTargetDependency;
			target = 685C49F81B8AC9C000D34F19 /* Notes */;
			targetProxy = 685C4A191B8AC9C000D34F19 /* PBXContainerItemProxy */;
		};
		686048061B97DDD500575481 /* PBXTargetDependency */ = {
			isa = PBXTargetDependency;
			target = 686047F91B97DDD500575481 /* Notes-TodayScreen */;
			targetProxy = 686048051B97DDD500575481 /* PBXContainerItemProxy */;
		};
		687A6FA81BCB4442001E1564 /* PBXTargetDependency */ = {
			isa = PBXTargetDependency;
			target = 687A6FA11BCB4442001E1564 /* Notes-SpotlightIndexer */;
			targetProxy = 687A6FA71BCB4442001E1564 /* PBXContainerItemProxy */;
		};
/* End PBXTargetDependency section */

/* Begin PBXVariantGroup section */
		682507EC1BE83DCA0080EFC7 /* Interface.storyboard */ = {
			isa = PBXVariantGroup;
			children = (
				682507ED1BE83DCA0080EFC7 /* Base */,
			);
			name = Interface.storyboard;
			sourceTree = "<group>";
		};
		685195E91B8D60A200548D79 /* Main.storyboard */ = {
			isa = PBXVariantGroup;
			children = (
				685195EA1B8D60A200548D79 /* Base */,
			);
			name = Main.storyboard;
			sourceTree = "<group>";
		};
		685195EE1B8D60A200548D79 /* LaunchScreen.storyboard */ = {
			isa = PBXVariantGroup;
			children = (
				685195EF1B8D60A200548D79 /* Base */,
			);
			name = LaunchScreen.storyboard;
			sourceTree = "<group>";
		};
		685C4A001B8AC9C000D34F19 /* Document.xib */ = {
			isa = PBXVariantGroup;
			children = (
				685C4A011B8AC9C000D34F19 /* Base */,
			);
			name = Document.xib;
			sourceTree = "<group>";
		};
		685C4A051B8AC9C000D34F19 /* MainMenu.xib */ = {
			isa = PBXVariantGroup;
			children = (
				685C4A061B8AC9C000D34F19 /* Base */,
			);
			name = MainMenu.xib;
			sourceTree = "<group>";
		};
		686048011B97DDD500575481 /* MainInterface.storyboard */ = {
			isa = PBXVariantGroup;
			children = (
				686048021B97DDD500575481 /* Base */,
			);
			name = MainInterface.storyboard;
			sourceTree = "<group>";
		};
/* End PBXVariantGroup section */

/* Begin XCBuildConfiguration section */
		6825080D1BE83DCB0080EFC7 /* Debug */ = {
			isa = XCBuildConfiguration;
			buildSettings = {
				ASSETCATALOG_COMPILER_APPICON_NAME = AppIcon;
				CODE_SIGN_ENTITLEMENTS = Watch/Watch.entitlements;
				CODE_SIGN_IDENTITY = "iPhone Developer: Jonathon Manning (XH2VGY8F9D)";
				"CODE_SIGN_IDENTITY[sdk=iphoneos*]" = "iPhone Developer: Jonathon Manning (XH2VGY8F9D)";
				"CODE_SIGN_IDENTITY[sdk=watchos*]" = "iPhone Developer";
				EMBEDDED_CONTENT_CONTAINS_SWIFT = YES;
				IBSC_MODULE = Watch_Extension;
				INFOPLIST_FILE = Watch/Info.plist;
				PRODUCT_BUNDLE_IDENTIFIER = "au.com.secretlab.Notes-iOS.watchkitapp";
				PRODUCT_NAME = "$(TARGET_NAME)";
				PROVISIONING_PROFILE = "b66284c8-9130-4aa5-a4d7-3f04f35747f9";
				SDKROOT = watchos;
				SKIP_INSTALL = YES;
				TARGETED_DEVICE_FAMILY = 4;
				WATCHOS_DEPLOYMENT_TARGET = 2.0;
			};
			name = Debug;
		};
		6825080E1BE83DCB0080EFC7 /* Release */ = {
			isa = XCBuildConfiguration;
			buildSettings = {
				ASSETCATALOG_COMPILER_APPICON_NAME = AppIcon;
				CODE_SIGN_ENTITLEMENTS = Watch/Watch.entitlements;
				CODE_SIGN_IDENTITY = "iPhone Developer: Jonathon Manning (XH2VGY8F9D)";
				"CODE_SIGN_IDENTITY[sdk=iphoneos*]" = "iPhone Developer: Jonathon Manning (XH2VGY8F9D)";
				"CODE_SIGN_IDENTITY[sdk=watchos*]" = "iPhone Developer: Jonathon Manning (XH2VGY8F9D)";
				EMBEDDED_CONTENT_CONTAINS_SWIFT = YES;
				IBSC_MODULE = Watch_Extension;
				INFOPLIST_FILE = Watch/Info.plist;
				PRODUCT_BUNDLE_IDENTIFIER = "au.com.secretlab.Notes-iOS.watchkitapp";
				PRODUCT_NAME = "$(TARGET_NAME)";
				PROVISIONING_PROFILE = "b66284c8-9130-4aa5-a4d7-3f04f35747f9";
				SDKROOT = watchos;
				SKIP_INSTALL = YES;
				TARGETED_DEVICE_FAMILY = 4;
				VALIDATE_PRODUCT = YES;
				WATCHOS_DEPLOYMENT_TARGET = 2.0;
			};
			name = Release;
		};
		6825080F1BE83DCB0080EFC7 /* Debug */ = {
			isa = XCBuildConfiguration;
			buildSettings = {
				ASSETCATALOG_COMPILER_COMPLICATION_NAME = Complication;
				CODE_SIGN_ENTITLEMENTS = "Watch Extension/Watch Extension.entitlements";
				CODE_SIGN_IDENTITY = "iPhone Developer: Jonathon Manning (XH2VGY8F9D)";
				"CODE_SIGN_IDENTITY[sdk=watchos*]" = "iPhone Developer: Jonathon Manning (XH2VGY8F9D)";
				INFOPLIST_FILE = "Watch Extension/Info.plist";
				LD_RUNPATH_SEARCH_PATHS = "$(inherited) @executable_path/Frameworks @executable_path/../../Frameworks";
				PRODUCT_BUNDLE_IDENTIFIER = "au.com.secretlab.Notes-iOS.watchkitapp.watchkitextension";
				PRODUCT_NAME = "${TARGET_NAME}";
				PROVISIONING_PROFILE = "02ecf359-48e9-4de8-b0fc-09e59e7cbfd5";
				SDKROOT = watchos;
				SKIP_INSTALL = YES;
				TARGETED_DEVICE_FAMILY = 4;
				WATCHOS_DEPLOYMENT_TARGET = 2.0;
			};
			name = Debug;
		};
		682508101BE83DCB0080EFC7 /* Release */ = {
			isa = XCBuildConfiguration;
			buildSettings = {
				ASSETCATALOG_COMPILER_COMPLICATION_NAME = Complication;
				CODE_SIGN_ENTITLEMENTS = "Watch Extension/Watch Extension.entitlements";
				CODE_SIGN_IDENTITY = "iPhone Developer: Jonathon Manning (XH2VGY8F9D)";
				"CODE_SIGN_IDENTITY[sdk=watchos*]" = "iPhone Developer: Jonathon Manning (XH2VGY8F9D)";
				INFOPLIST_FILE = "Watch Extension/Info.plist";
				LD_RUNPATH_SEARCH_PATHS = "$(inherited) @executable_path/Frameworks @executable_path/../../Frameworks";
				PRODUCT_BUNDLE_IDENTIFIER = "au.com.secretlab.Notes-iOS.watchkitapp.watchkitextension";
				PRODUCT_NAME = "${TARGET_NAME}";
				PROVISIONING_PROFILE = "02ecf359-48e9-4de8-b0fc-09e59e7cbfd5";
				SDKROOT = watchos;
				SKIP_INSTALL = YES;
				TARGETED_DEVICE_FAMILY = 4;
				VALIDATE_PRODUCT = YES;
				WATCHOS_DEPLOYMENT_TARGET = 2.0;
			};
			name = Release;
		};
		685196081B8D60A200548D79 /* Debug */ = {
			isa = XCBuildConfiguration;
			buildSettings = {
				ASSETCATALOG_COMPILER_APPICON_NAME = AppIcon;
				CODE_SIGN_ENTITLEMENTS = "Notes-iOS/Notes-iOS.entitlements";
				CODE_SIGN_IDENTITY = "iPhone Developer";
				"CODE_SIGN_IDENTITY[sdk=iphoneos*]" = "iPhone Developer: Jonathon Manning (XH2VGY8F9D)";
				EMBEDDED_CONTENT_CONTAINS_SWIFT = YES;
				INFOPLIST_FILE = "Notes-iOS/Info.plist";
				IPHONEOS_DEPLOYMENT_TARGET = 9.0;
				LD_RUNPATH_SEARCH_PATHS = "$(inherited) @executable_path/Frameworks";
				PRODUCT_BUNDLE_IDENTIFIER = "au.com.secretlab.Notes-iOS";
				PRODUCT_NAME = "$(TARGET_NAME)";
				PROVISIONING_PROFILE = "7d9af881-e37d-49b4-b20b-44c7bb3f60ce";
				SDKROOT = iphoneos;
				STRIP_BITCODE_FROM_COPIED_FILES = NO;
				TARGETED_DEVICE_FAMILY = "1,2";
			};
			name = Debug;
		};
		685196091B8D60A200548D79 /* Release */ = {
			isa = XCBuildConfiguration;
			buildSettings = {
				ASSETCATALOG_COMPILER_APPICON_NAME = AppIcon;
				CODE_SIGN_ENTITLEMENTS = "Notes-iOS/Notes-iOS.entitlements";
				CODE_SIGN_IDENTITY = "iPhone Developer";
				"CODE_SIGN_IDENTITY[sdk=iphoneos*]" = "iPhone Developer: Jonathon Manning (XH2VGY8F9D)";
				EMBEDDED_CONTENT_CONTAINS_SWIFT = YES;
				INFOPLIST_FILE = "Notes-iOS/Info.plist";
				IPHONEOS_DEPLOYMENT_TARGET = 9.0;
				LD_RUNPATH_SEARCH_PATHS = "$(inherited) @executable_path/Frameworks";
				PRODUCT_BUNDLE_IDENTIFIER = "au.com.secretlab.Notes-iOS";
				PRODUCT_NAME = "$(TARGET_NAME)";
				PROVISIONING_PROFILE = "7d9af881-e37d-49b4-b20b-44c7bb3f60ce";
				SDKROOT = iphoneos;
				STRIP_BITCODE_FROM_COPIED_FILES = NO;
				TARGETED_DEVICE_FAMILY = "1,2";
				VALIDATE_PRODUCT = YES;
			};
			name = Release;
		};
		6851960A1B8D60A200548D79 /* Debug */ = {
			isa = XCBuildConfiguration;
			buildSettings = {
				BUNDLE_LOADER = "$(TEST_HOST)";
				INFOPLIST_FILE = "Notes-iOSTests/Info.plist";
				IPHONEOS_DEPLOYMENT_TARGET = 9.0;
				LD_RUNPATH_SEARCH_PATHS = "$(inherited) @executable_path/Frameworks @loader_path/Frameworks";
				PRODUCT_BUNDLE_IDENTIFIER = "au.com.secretlab.Notes-iOSTests";
				PRODUCT_NAME = "$(TARGET_NAME)";
				SDKROOT = iphoneos;
				TEST_HOST = "$(BUILT_PRODUCTS_DIR)/Notes-iOS.app/Notes-iOS";
			};
			name = Debug;
		};
		6851960B1B8D60A200548D79 /* Release */ = {
			isa = XCBuildConfiguration;
			buildSettings = {
				BUNDLE_LOADER = "$(TEST_HOST)";
				INFOPLIST_FILE = "Notes-iOSTests/Info.plist";
				IPHONEOS_DEPLOYMENT_TARGET = 9.0;
				LD_RUNPATH_SEARCH_PATHS = "$(inherited) @executable_path/Frameworks @loader_path/Frameworks";
				PRODUCT_BUNDLE_IDENTIFIER = "au.com.secretlab.Notes-iOSTests";
				PRODUCT_NAME = "$(TARGET_NAME)";
				SDKROOT = iphoneos;
				TEST_HOST = "$(BUILT_PRODUCTS_DIR)/Notes-iOS.app/Notes-iOS";
				VALIDATE_PRODUCT = YES;
			};
			name = Release;
		};
		6851960C1B8D60A200548D79 /* Debug */ = {
			isa = XCBuildConfiguration;
			buildSettings = {
				INFOPLIST_FILE = "Notes-iOSUITests/Info.plist";
				IPHONEOS_DEPLOYMENT_TARGET = 9.0;
				LD_RUNPATH_SEARCH_PATHS = "$(inherited) @executable_path/Frameworks @loader_path/Frameworks";
				PRODUCT_BUNDLE_IDENTIFIER = "au.com.secretlab.Notes-iOSUITests";
				PRODUCT_NAME = "$(TARGET_NAME)";
				SDKROOT = iphoneos;
				TEST_TARGET_NAME = "Notes-iOS";
				USES_XCTRUNNER = YES;
			};
			name = Debug;
		};
		6851960D1B8D60A200548D79 /* Release */ = {
			isa = XCBuildConfiguration;
			buildSettings = {
				INFOPLIST_FILE = "Notes-iOSUITests/Info.plist";
				IPHONEOS_DEPLOYMENT_TARGET = 9.0;
				LD_RUNPATH_SEARCH_PATHS = "$(inherited) @executable_path/Frameworks @loader_path/Frameworks";
				PRODUCT_BUNDLE_IDENTIFIER = "au.com.secretlab.Notes-iOSUITests";
				PRODUCT_NAME = "$(TARGET_NAME)";
				SDKROOT = iphoneos;
				TEST_TARGET_NAME = "Notes-iOS";
				USES_XCTRUNNER = YES;
				VALIDATE_PRODUCT = YES;
			};
			name = Release;
		};
		685C4A1F1B8AC9C000D34F19 /* Debug */ = {
			isa = XCBuildConfiguration;
			buildSettings = {
				ALWAYS_SEARCH_USER_PATHS = NO;
				CLANG_CXX_LANGUAGE_STANDARD = "gnu++0x";
				CLANG_CXX_LIBRARY = "libc++";
				CLANG_ENABLE_MODULES = YES;
				CLANG_ENABLE_OBJC_ARC = YES;
				CLANG_WARN_BOOL_CONVERSION = YES;
				CLANG_WARN_CONSTANT_CONVERSION = YES;
				CLANG_WARN_DIRECT_OBJC_ISA_USAGE = YES_ERROR;
				CLANG_WARN_EMPTY_BODY = YES;
				CLANG_WARN_ENUM_CONVERSION = YES;
				CLANG_WARN_INT_CONVERSION = YES;
				CLANG_WARN_OBJC_ROOT_CLASS = YES_ERROR;
				CLANG_WARN_UNREACHABLE_CODE = YES;
				CLANG_WARN__DUPLICATE_METHOD_MATCH = YES;
				CODE_SIGN_IDENTITY = "Developer ID Application";
				COPY_PHASE_STRIP = NO;
				DEBUG_INFORMATION_FORMAT = dwarf;
				ENABLE_STRICT_OBJC_MSGSEND = YES;
				ENABLE_TESTABILITY = YES;
				GCC_C_LANGUAGE_STANDARD = gnu99;
				GCC_DYNAMIC_NO_PIC = NO;
				GCC_NO_COMMON_BLOCKS = YES;
				GCC_OPTIMIZATION_LEVEL = 0;
				GCC_PREPROCESSOR_DEFINITIONS = (
					"DEBUG=1",
					"$(inherited)",
				);
				GCC_WARN_64_TO_32_BIT_CONVERSION = YES;
				GCC_WARN_ABOUT_RETURN_TYPE = YES_ERROR;
				GCC_WARN_UNDECLARED_SELECTOR = YES;
				GCC_WARN_UNINITIALIZED_AUTOS = YES_AGGRESSIVE;
				GCC_WARN_UNUSED_FUNCTION = YES;
				GCC_WARN_UNUSED_VARIABLE = YES;
				MACOSX_DEPLOYMENT_TARGET = 10.10;
				MTL_ENABLE_DEBUG_INFO = YES;
				ONLY_ACTIVE_ARCH = YES;
				SDKROOT = macosx;
				SWIFT_OPTIMIZATION_LEVEL = "-Onone";
			};
			name = Debug;
		};
		685C4A201B8AC9C000D34F19 /* Release */ = {
			isa = XCBuildConfiguration;
			buildSettings = {
				ALWAYS_SEARCH_USER_PATHS = NO;
				CLANG_CXX_LANGUAGE_STANDARD = "gnu++0x";
				CLANG_CXX_LIBRARY = "libc++";
				CLANG_ENABLE_MODULES = YES;
				CLANG_ENABLE_OBJC_ARC = YES;
				CLANG_WARN_BOOL_CONVERSION = YES;
				CLANG_WARN_CONSTANT_CONVERSION = YES;
				CLANG_WARN_DIRECT_OBJC_ISA_USAGE = YES_ERROR;
				CLANG_WARN_EMPTY_BODY = YES;
				CLANG_WARN_ENUM_CONVERSION = YES;
				CLANG_WARN_INT_CONVERSION = YES;
				CLANG_WARN_OBJC_ROOT_CLASS = YES_ERROR;
				CLANG_WARN_UNREACHABLE_CODE = YES;
				CLANG_WARN__DUPLICATE_METHOD_MATCH = YES;
				CODE_SIGN_IDENTITY = "Developer ID Application";
				COPY_PHASE_STRIP = NO;
				DEBUG_INFORMATION_FORMAT = "dwarf-with-dsym";
				ENABLE_NS_ASSERTIONS = NO;
				ENABLE_STRICT_OBJC_MSGSEND = YES;
				GCC_C_LANGUAGE_STANDARD = gnu99;
				GCC_NO_COMMON_BLOCKS = YES;
				GCC_WARN_64_TO_32_BIT_CONVERSION = YES;
				GCC_WARN_ABOUT_RETURN_TYPE = YES_ERROR;
				GCC_WARN_UNDECLARED_SELECTOR = YES;
				GCC_WARN_UNINITIALIZED_AUTOS = YES_AGGRESSIVE;
				GCC_WARN_UNUSED_FUNCTION = YES;
				GCC_WARN_UNUSED_VARIABLE = YES;
				MACOSX_DEPLOYMENT_TARGET = 10.10;
				MTL_ENABLE_DEBUG_INFO = NO;
				SDKROOT = macosx;
			};
			name = Release;
		};
		685C4A221B8AC9C000D34F19 /* Debug */ = {
			isa = XCBuildConfiguration;
			buildSettings = {
				ASSETCATALOG_COMPILER_APPICON_NAME = AppIcon;
				CODE_SIGN_ENTITLEMENTS = Notes/Notes.entitlements;
				CODE_SIGN_IDENTITY = "Mac Developer";
				"CODE_SIGN_IDENTITY[sdk=macosx*]" = "Mac Developer";
				COMBINE_HIDPI_IMAGES = YES;
				INFOPLIST_FILE = Notes/Info.plist;
				LD_RUNPATH_SEARCH_PATHS = "$(inherited) @executable_path/../Frameworks";
				PRODUCT_BUNDLE_IDENTIFIER = au.com.secretlab.Notes;
				PRODUCT_NAME = "$(TARGET_NAME)";
				PROVISIONING_PROFILE = "";
			};
			name = Debug;
		};
		685C4A231B8AC9C000D34F19 /* Release */ = {
			isa = XCBuildConfiguration;
			buildSettings = {
				ASSETCATALOG_COMPILER_APPICON_NAME = AppIcon;
				CODE_SIGN_ENTITLEMENTS = Notes/Notes.entitlements;
				CODE_SIGN_IDENTITY = "Mac Developer";
				"CODE_SIGN_IDENTITY[sdk=macosx*]" = "Mac Developer";
				COMBINE_HIDPI_IMAGES = YES;
				INFOPLIST_FILE = Notes/Info.plist;
				LD_RUNPATH_SEARCH_PATHS = "$(inherited) @executable_path/../Frameworks";
				PRODUCT_BUNDLE_IDENTIFIER = au.com.secretlab.Notes;
				PRODUCT_NAME = "$(TARGET_NAME)";
				PROVISIONING_PROFILE = "";
			};
			name = Release;
		};
		685C4A251B8AC9C000D34F19 /* Debug */ = {
			isa = XCBuildConfiguration;
			buildSettings = {
				BUNDLE_LOADER = "$(TEST_HOST)";
				COMBINE_HIDPI_IMAGES = YES;
				INFOPLIST_FILE = NotesTests/Info.plist;
				LD_RUNPATH_SEARCH_PATHS = "$(inherited) @executable_path/../Frameworks @loader_path/../Frameworks";
				PRODUCT_BUNDLE_IDENTIFIER = au.com.secretlab.NotesTests;
				PRODUCT_NAME = "$(TARGET_NAME)";
				TEST_HOST = "$(BUILT_PRODUCTS_DIR)/Notes.app/Contents/MacOS/Notes";
			};
			name = Debug;
		};
		685C4A261B8AC9C000D34F19 /* Release */ = {
			isa = XCBuildConfiguration;
			buildSettings = {
				BUNDLE_LOADER = "$(TEST_HOST)";
				COMBINE_HIDPI_IMAGES = YES;
				INFOPLIST_FILE = NotesTests/Info.plist;
				LD_RUNPATH_SEARCH_PATHS = "$(inherited) @executable_path/../Frameworks @loader_path/../Frameworks";
				PRODUCT_BUNDLE_IDENTIFIER = au.com.secretlab.NotesTests;
				PRODUCT_NAME = "$(TARGET_NAME)";
				TEST_HOST = "$(BUILT_PRODUCTS_DIR)/Notes.app/Contents/MacOS/Notes";
			};
			name = Release;
		};
		685C4A281B8AC9C000D34F19 /* Debug */ = {
			isa = XCBuildConfiguration;
			buildSettings = {
				COMBINE_HIDPI_IMAGES = YES;
				INFOPLIST_FILE = NotesUITests/Info.plist;
				LD_RUNPATH_SEARCH_PATHS = "$(inherited) @executable_path/../Frameworks @loader_path/../Frameworks";
				PRODUCT_BUNDLE_IDENTIFIER = au.com.secretlab.NotesUITests;
				PRODUCT_NAME = "$(TARGET_NAME)";
				TEST_TARGET_NAME = Notes;
				USES_XCTRUNNER = YES;
			};
			name = Debug;
		};
		685C4A291B8AC9C000D34F19 /* Release */ = {
			isa = XCBuildConfiguration;
			buildSettings = {
				COMBINE_HIDPI_IMAGES = YES;
				INFOPLIST_FILE = NotesUITests/Info.plist;
				LD_RUNPATH_SEARCH_PATHS = "$(inherited) @executable_path/../Frameworks @loader_path/../Frameworks";
				PRODUCT_BUNDLE_IDENTIFIER = au.com.secretlab.NotesUITests;
				PRODUCT_NAME = "$(TARGET_NAME)";
				TEST_TARGET_NAME = Notes;
				USES_XCTRUNNER = YES;
			};
			name = Release;
		};
		686048081B97DDD500575481 /* Debug */ = {
			isa = XCBuildConfiguration;
			buildSettings = {
				CODE_SIGN_ENTITLEMENTS = "Notes-TodayScreen/Notes-TodayScreen.entitlements";
				CODE_SIGN_IDENTITY = "iPhone Developer";
				"CODE_SIGN_IDENTITY[sdk=iphoneos*]" = "iPhone Developer";
				INFOPLIST_FILE = "Notes-TodayScreen/Info.plist";
				IPHONEOS_DEPLOYMENT_TARGET = 9.0;
				LD_RUNPATH_SEARCH_PATHS = "$(inherited) @executable_path/Frameworks @executable_path/../../Frameworks";
				PRODUCT_BUNDLE_IDENTIFIER = "au.com.secretlab.Notes-iOS.Notes-TodayScreen";
				PRODUCT_NAME = "$(TARGET_NAME)";
				PROVISIONING_PROFILE = "";
				SDKROOT = iphoneos;
				SKIP_INSTALL = YES;
			};
			name = Debug;
		};
		686048091B97DDD500575481 /* Release */ = {
			isa = XCBuildConfiguration;
			buildSettings = {
				CODE_SIGN_ENTITLEMENTS = "Notes-TodayScreen/Notes-TodayScreen.entitlements";
				CODE_SIGN_IDENTITY = "iPhone Developer";
				"CODE_SIGN_IDENTITY[sdk=iphoneos*]" = "iPhone Developer";
				INFOPLIST_FILE = "Notes-TodayScreen/Info.plist";
				IPHONEOS_DEPLOYMENT_TARGET = 9.0;
				LD_RUNPATH_SEARCH_PATHS = "$(inherited) @executable_path/Frameworks @executable_path/../../Frameworks";
				PRODUCT_BUNDLE_IDENTIFIER = "au.com.secretlab.Notes-iOS.Notes-TodayScreen";
				PRODUCT_NAME = "$(TARGET_NAME)";
				PROVISIONING_PROFILE = "";
				SDKROOT = iphoneos;
				SKIP_INSTALL = YES;
				VALIDATE_PRODUCT = YES;
			};
			name = Release;
		};
		687A6FAB1BCB4442001E1564 /* Debug */ = {
			isa = XCBuildConfiguration;
			buildSettings = {
				CODE_SIGN_ENTITLEMENTS = "Notes-SpotlightIndexer/Notes-SpotlightIndexer.entitlements";
				CODE_SIGN_IDENTITY = "iPhone Developer";
				"CODE_SIGN_IDENTITY[sdk=iphoneos*]" = "iPhone Developer: Jonathon Manning (XH2VGY8F9D)";
				INFOPLIST_FILE = "Notes-SpotlightIndexer/Info.plist";
				IPHONEOS_DEPLOYMENT_TARGET = 9.0;
				LD_RUNPATH_SEARCH_PATHS = "$(inherited) @executable_path/Frameworks @executable_path/../../Frameworks";
				PRODUCT_BUNDLE_IDENTIFIER = "au.com.secretlab.Notes-iOS.Notes-SpotlightIndexer";
				PRODUCT_NAME = "$(TARGET_NAME)";
				PROVISIONING_PROFILE = "";
				SDKROOT = iphoneos;
				SKIP_INSTALL = YES;
			};
			name = Debug;
		};
		687A6FAC1BCB4442001E1564 /* Release */ = {
			isa = XCBuildConfiguration;
			buildSettings = {
				CODE_SIGN_ENTITLEMENTS = "Notes-SpotlightIndexer/Notes-SpotlightIndexer.entitlements";
				CODE_SIGN_IDENTITY = "iPhone Developer";
				"CODE_SIGN_IDENTITY[sdk=iphoneos*]" = "iPhone Developer: Jonathon Manning (XH2VGY8F9D)";
				INFOPLIST_FILE = "Notes-SpotlightIndexer/Info.plist";
				IPHONEOS_DEPLOYMENT_TARGET = 9.0;
				LD_RUNPATH_SEARCH_PATHS = "$(inherited) @executable_path/Frameworks @executable_path/../../Frameworks";
				PRODUCT_BUNDLE_IDENTIFIER = "au.com.secretlab.Notes-iOS.Notes-SpotlightIndexer";
				PRODUCT_NAME = "$(TARGET_NAME)";
				PROVISIONING_PROFILE = "";
				SDKROOT = iphoneos;
				SKIP_INSTALL = YES;
				VALIDATE_PRODUCT = YES;
			};
			name = Release;
		};
/* End XCBuildConfiguration section */

/* Begin XCConfigurationList section */
		682508111BE83DCB0080EFC7 /* Build configuration list for PBXNativeTarget "Watch Extension" */ = {
			isa = XCConfigurationList;
			buildConfigurations = (
				6825080F1BE83DCB0080EFC7 /* Debug */,
				682508101BE83DCB0080EFC7 /* Release */,
			);
			defaultConfigurationIsVisible = 0;
			defaultConfigurationName = Release;
		};
		682508131BE83DCB0080EFC7 /* Build configuration list for PBXNativeTarget "Watch" */ = {
			isa = XCConfigurationList;
			buildConfigurations = (
				6825080D1BE83DCB0080EFC7 /* Debug */,
				6825080E1BE83DCB0080EFC7 /* Release */,
			);
			defaultConfigurationIsVisible = 0;
			defaultConfigurationName = Release;
		};
		6851960E1B8D60A200548D79 /* Build configuration list for PBXNativeTarget "Notes-iOS" */ = {
			isa = XCConfigurationList;
			buildConfigurations = (
				685196081B8D60A200548D79 /* Debug */,
				685196091B8D60A200548D79 /* Release */,
			);
			defaultConfigurationIsVisible = 0;
			defaultConfigurationName = Release;
		};
		6851960F1B8D60A200548D79 /* Build configuration list for PBXNativeTarget "Notes-iOSTests" */ = {
			isa = XCConfigurationList;
			buildConfigurations = (
				6851960A1B8D60A200548D79 /* Debug */,
				6851960B1B8D60A200548D79 /* Release */,
			);
			defaultConfigurationIsVisible = 0;
			defaultConfigurationName = Release;
		};
		685196101B8D60A200548D79 /* Build configuration list for PBXNativeTarget "Notes-iOSUITests" */ = {
			isa = XCConfigurationList;
			buildConfigurations = (
				6851960C1B8D60A200548D79 /* Debug */,
				6851960D1B8D60A200548D79 /* Release */,
			);
			defaultConfigurationIsVisible = 0;
			defaultConfigurationName = Release;
		};
		685C49F41B8AC9C000D34F19 /* Build configuration list for PBXProject "Notes" */ = {
			isa = XCConfigurationList;
			buildConfigurations = (
				685C4A1F1B8AC9C000D34F19 /* Debug */,
				685C4A201B8AC9C000D34F19 /* Release */,
			);
			defaultConfigurationIsVisible = 0;
			defaultConfigurationName = Release;
		};
		685C4A211B8AC9C000D34F19 /* Build configuration list for PBXNativeTarget "Notes" */ = {
			isa = XCConfigurationList;
			buildConfigurations = (
				685C4A221B8AC9C000D34F19 /* Debug */,
				685C4A231B8AC9C000D34F19 /* Release */,
			);
			defaultConfigurationIsVisible = 0;
			defaultConfigurationName = Release;
		};
		685C4A241B8AC9C000D34F19 /* Build configuration list for PBXNativeTarget "NotesTests" */ = {
			isa = XCConfigurationList;
			buildConfigurations = (
				685C4A251B8AC9C000D34F19 /* Debug */,
				685C4A261B8AC9C000D34F19 /* Release */,
			);
			defaultConfigurationIsVisible = 0;
			defaultConfigurationName = Release;
		};
		685C4A271B8AC9C000D34F19 /* Build configuration list for PBXNativeTarget "NotesUITests" */ = {
			isa = XCConfigurationList;
			buildConfigurations = (
				685C4A281B8AC9C000D34F19 /* Debug */,
				685C4A291B8AC9C000D34F19 /* Release */,
			);
			defaultConfigurationIsVisible = 0;
			defaultConfigurationName = Release;
		};
		6860480A1B97DDD500575481 /* Build configuration list for PBXNativeTarget "Notes-TodayScreen" */ = {
			isa = XCConfigurationList;
			buildConfigurations = (
				686048081B97DDD500575481 /* Debug */,
				686048091B97DDD500575481 /* Release */,
			);
			defaultConfigurationIsVisible = 0;
			defaultConfigurationName = Release;
		};
		687A6FAA1BCB4442001E1564 /* Build configuration list for PBXNativeTarget "Notes-SpotlightIndexer" */ = {
			isa = XCConfigurationList;
			buildConfigurations = (
				687A6FAB1BCB4442001E1564 /* Debug */,
				687A6FAC1BCB4442001E1564 /* Release */,
			);
			defaultConfigurationIsVisible = 0;
			defaultConfigurationName = Release;
		};
/* End XCConfigurationList section */
	};
	rootObject = 685C49F11B8AC9C000D34F19 /* Project object */;
}
